// !$*UTF8*$!
{
	archiveVersion = 1;
	classes = {
	};
	objectVersion = 56;
	objects = {

/* Begin PBXBuildFile section */
		67070C412AD2D6EA00DF46E1 /* AppDelegate.swift in Sources */ = {isa = PBXBuildFile; fileRef = 67070C402AD2D6EA00DF46E1 /* AppDelegate.swift */; };
		67070C432AD2D6EA00DF46E1 /* SceneDelegate.swift in Sources */ = {isa = PBXBuildFile; fileRef = 67070C422AD2D6EA00DF46E1 /* SceneDelegate.swift */; };
		67070C452AD2D6EA00DF46E1 /* PhotosViewerVC.swift in Sources */ = {isa = PBXBuildFile; fileRef = 67070C442AD2D6EA00DF46E1 /* PhotosViewerVC.swift */; };
		67070C482AD2D6EA00DF46E1 /* Main.storyboard in Resources */ = {isa = PBXBuildFile; fileRef = 67070C462AD2D6EA00DF46E1 /* Main.storyboard */; };
		67070C4A2AD2D6EB00DF46E1 /* Assets.xcassets in Resources */ = {isa = PBXBuildFile; fileRef = 67070C492AD2D6EB00DF46E1 /* Assets.xcassets */; };
		67070C4D2AD2D6EB00DF46E1 /* LaunchScreen.storyboard in Resources */ = {isa = PBXBuildFile; fileRef = 67070C4B2AD2D6EB00DF46E1 /* LaunchScreen.storyboard */; };
		67070C552AD4019300DF46E1 /* OCRManager.swift in Sources */ = {isa = PBXBuildFile; fileRef = 67070C542AD4019300DF46E1 /* OCRManager.swift */; };
		67070C572AD406F500DF46E1 /* UIViewExtension.swift in Sources */ = {isa = PBXBuildFile; fileRef = 67070C562AD406F500DF46E1 /* UIViewExtension.swift */; };
		677762032AD74F910011620F /* PhotosViewerVC+Ext.swift in Sources */ = {isa = PBXBuildFile; fileRef = 677762022AD74F910011620F /* PhotosViewerVC+Ext.swift */; };
		677762062AD7538F0011620F /* PhotoCVCell.swift in Sources */ = {isa = PBXBuildFile; fileRef = 677762042AD7538F0011620F /* PhotoCVCell.swift */; };
		677762072AD7538F0011620F /* PhotoCVCell.xib in Resources */ = {isa = PBXBuildFile; fileRef = 677762052AD7538F0011620F /* PhotoCVCell.xib */; };
		6777620A2AD75B060011620F /* ImagesVC.swift in Sources */ = {isa = PBXBuildFile; fileRef = 677762092AD75B060011620F /* ImagesVC.swift */; };
		679D03172AD94A72007484FA /* SKFileManager.swift in Sources */ = {isa = PBXBuildFile; fileRef = 679D03162AD94A72007484FA /* SKFileManager.swift */; };
		679D03192AD94EAD007484FA /* PHAssetExtension.swift in Sources */ = {isa = PBXBuildFile; fileRef = 679D03182AD94EAD007484FA /* PHAssetExtension.swift */; };
		67D0ACDD2AD6FA340067AD73 /* RoundedView.swift in Sources */ = {isa = PBXBuildFile; fileRef = 67D0ACDC2AD6FA340067AD73 /* RoundedView.swift */; };
		67D0ACE02AD71FFC0067AD73 /* TagCVCell.swift in Sources */ = {isa = PBXBuildFile; fileRef = 67D0ACDE2AD71FFC0067AD73 /* TagCVCell.swift */; };
		67D0ACE12AD71FFC0067AD73 /* TagCVCell.xib in Resources */ = {isa = PBXBuildFile; fileRef = 67D0ACDF2AD71FFC0067AD73 /* TagCVCell.xib */; };
		67D0ACE52AD723030067AD73 /* CollectionsPopUpView.xib in Resources */ = {isa = PBXBuildFile; fileRef = 67D0ACE42AD723030067AD73 /* CollectionsPopUpView.xib */; };
		67D0ACE72AD7230E0067AD73 /* CollectionsPopUpView.swift in Sources */ = {isa = PBXBuildFile; fileRef = 67D0ACE62AD7230E0067AD73 /* CollectionsPopUpView.swift */; };
		67D0ACEB2AD727710067AD73 /* RoundedButton.swift in Sources */ = {isa = PBXBuildFile; fileRef = 67D0ACEA2AD727710067AD73 /* RoundedButton.swift */; };
/* End PBXBuildFile section */

/* Begin PBXFileReference section */
		67070C3D2AD2D6EA00DF46E1 /* AlleTest.app */ = {isa = PBXFileReference; explicitFileType = wrapper.application; includeInIndex = 0; path = AlleTest.app; sourceTree = BUILT_PRODUCTS_DIR; };
		67070C402AD2D6EA00DF46E1 /* AppDelegate.swift */ = {isa = PBXFileReference; lastKnownFileType = sourcecode.swift; path = AppDelegate.swift; sourceTree = "<group>"; };
		67070C422AD2D6EA00DF46E1 /* SceneDelegate.swift */ = {isa = PBXFileReference; lastKnownFileType = sourcecode.swift; path = SceneDelegate.swift; sourceTree = "<group>"; };
		67070C442AD2D6EA00DF46E1 /* PhotosViewerVC.swift */ = {isa = PBXFileReference; lastKnownFileType = sourcecode.swift; path = PhotosViewerVC.swift; sourceTree = "<group>"; };
		67070C472AD2D6EA00DF46E1 /* Base */ = {isa = PBXFileReference; lastKnownFileType = file.storyboard; name = Base; path = Base.lproj/Main.storyboard; sourceTree = "<group>"; };
		67070C492AD2D6EB00DF46E1 /* Assets.xcassets */ = {isa = PBXFileReference; lastKnownFileType = folder.assetcatalog; path = Assets.xcassets; sourceTree = "<group>"; };
		67070C4C2AD2D6EB00DF46E1 /* Base */ = {isa = PBXFileReference; lastKnownFileType = file.storyboard; name = Base; path = Base.lproj/LaunchScreen.storyboard; sourceTree = "<group>"; };
		67070C4E2AD2D6EB00DF46E1 /* Info.plist */ = {isa = PBXFileReference; lastKnownFileType = text.plist.xml; path = Info.plist; sourceTree = "<group>"; };
		67070C542AD4019300DF46E1 /* OCRManager.swift */ = {isa = PBXFileReference; lastKnownFileType = sourcecode.swift; path = OCRManager.swift; sourceTree = "<group>"; };
		67070C562AD406F500DF46E1 /* UIViewExtension.swift */ = {isa = PBXFileReference; lastKnownFileType = sourcecode.swift; path = UIViewExtension.swift; sourceTree = "<group>"; };
		677762022AD74F910011620F /* PhotosViewerVC+Ext.swift */ = {isa = PBXFileReference; lastKnownFileType = sourcecode.swift; path = "PhotosViewerVC+Ext.swift"; sourceTree = "<group>"; };
		677762042AD7538F0011620F /* PhotoCVCell.swift */ = {isa = PBXFileReference; lastKnownFileType = sourcecode.swift; path = PhotoCVCell.swift; sourceTree = "<group>"; };
		677762052AD7538F0011620F /* PhotoCVCell.xib */ = {isa = PBXFileReference; lastKnownFileType = file.xib; path = PhotoCVCell.xib; sourceTree = "<group>"; };
		677762092AD75B060011620F /* ImagesVC.swift */ = {isa = PBXFileReference; lastKnownFileType = sourcecode.swift; path = ImagesVC.swift; sourceTree = "<group>"; };
		679D03162AD94A72007484FA /* SKFileManager.swift */ = {isa = PBXFileReference; lastKnownFileType = sourcecode.swift; path = SKFileManager.swift; sourceTree = "<group>"; };
		679D03182AD94EAD007484FA /* PHAssetExtension.swift */ = {isa = PBXFileReference; lastKnownFileType = sourcecode.swift; path = PHAssetExtension.swift; sourceTree = "<group>"; };
		67D0ACDC2AD6FA340067AD73 /* RoundedView.swift */ = {isa = PBXFileReference; fileEncoding = 4; lastKnownFileType = sourcecode.swift; path = RoundedView.swift; sourceTree = "<group>"; };
		67D0ACDE2AD71FFC0067AD73 /* TagCVCell.swift */ = {isa = PBXFileReference; lastKnownFileType = sourcecode.swift; path = TagCVCell.swift; sourceTree = "<group>"; };
		67D0ACDF2AD71FFC0067AD73 /* TagCVCell.xib */ = {isa = PBXFileReference; lastKnownFileType = file.xib; path = TagCVCell.xib; sourceTree = "<group>"; };
		67D0ACE42AD723030067AD73 /* CollectionsPopUpView.xib */ = {isa = PBXFileReference; lastKnownFileType = file.xib; path = CollectionsPopUpView.xib; sourceTree = "<group>"; };
		67D0ACE62AD7230E0067AD73 /* CollectionsPopUpView.swift */ = {isa = PBXFileReference; lastKnownFileType = sourcecode.swift; path = CollectionsPopUpView.swift; sourceTree = "<group>"; };
		67D0ACEA2AD727710067AD73 /* RoundedButton.swift */ = {isa = PBXFileReference; fileEncoding = 4; lastKnownFileType = sourcecode.swift; path = RoundedButton.swift; sourceTree = "<group>"; };
/* End PBXFileReference section */

/* Begin PBXFrameworksBuildPhase section */
		67070C3A2AD2D6EA00DF46E1 /* Frameworks */ = {
			isa = PBXFrameworksBuildPhase;
			buildActionMask = 2147483647;
			files = (
			);
			runOnlyForDeploymentPostprocessing = 0;
		};
/* End PBXFrameworksBuildPhase section */

/* Begin PBXGroup section */
		67070C342AD2D6EA00DF46E1 = {
			isa = PBXGroup;
			children = (
				67070C3F2AD2D6EA00DF46E1 /* AlleTest */,
				67070C3E2AD2D6EA00DF46E1 /* Products */,
			);
			sourceTree = "<group>";
		};
		67070C3E2AD2D6EA00DF46E1 /* Products */ = {
			isa = PBXGroup;
			children = (
				67070C3D2AD2D6EA00DF46E1 /* AlleTest.app */,
			);
			name = Products;
			sourceTree = "<group>";
		};
		67070C3F2AD2D6EA00DF46E1 /* AlleTest */ = {
			isa = PBXGroup;
			children = (
				67070C402AD2D6EA00DF46E1 /* AppDelegate.swift */,
				67070C422AD2D6EA00DF46E1 /* SceneDelegate.swift */,
				67070C442AD2D6EA00DF46E1 /* PhotosViewerVC.swift */,
				677762092AD75B060011620F /* ImagesVC.swift */,
				677762022AD74F910011620F /* PhotosViewerVC+Ext.swift */,
				679D03162AD94A72007484FA /* SKFileManager.swift */,
				67D0ACE82AD723180067AD73 /* CustomViews */,
				67070C462AD2D6EA00DF46E1 /* Main.storyboard */,
				67D0ACE22AD720020067AD73 /* CustomCells */,
				67070C542AD4019300DF46E1 /* OCRManager.swift */,
				67070C562AD406F500DF46E1 /* UIViewExtension.swift */,
				67D0ACDC2AD6FA340067AD73 /* RoundedView.swift */,
				67D0ACEA2AD727710067AD73 /* RoundedButton.swift */,
				67070C492AD2D6EB00DF46E1 /* Assets.xcassets */,
				67070C4B2AD2D6EB00DF46E1 /* LaunchScreen.storyboard */,
				67070C4E2AD2D6EB00DF46E1 /* Info.plist */,
				679D03182AD94EAD007484FA /* PHAssetExtension.swift */,
			);
			path = AlleTest;
			sourceTree = "<group>";
		};
		677762082AD753930011620F /* PhotoCVCell */ = {
			isa = PBXGroup;
			children = (
				677762042AD7538F0011620F /* PhotoCVCell.swift */,
				677762052AD7538F0011620F /* PhotoCVCell.xib */,
			);
			path = PhotoCVCell;
			sourceTree = "<group>";
		};
		67D0ACE22AD720020067AD73 /* CustomCells */ = {
			isa = PBXGroup;
			children = (
				67D0ACE32AD7200E0067AD73 /* TagCVCell */,
				677762082AD753930011620F /* PhotoCVCell */,
			);
			path = CustomCells;
			sourceTree = "<group>";
		};
		67D0ACE32AD7200E0067AD73 /* TagCVCell */ = {
			isa = PBXGroup;
			children = (
				67D0ACDE2AD71FFC0067AD73 /* TagCVCell.swift */,
				67D0ACDF2AD71FFC0067AD73 /* TagCVCell.xib */,
			);
			path = TagCVCell;
			sourceTree = "<group>";
		};
		67D0ACE82AD723180067AD73 /* CustomViews */ = {
			isa = PBXGroup;
			children = (
				67D0ACE92AD723220067AD73 /* CollectionsPopUpView */,
			);
			path = CustomViews;
			sourceTree = "<group>";
		};
		67D0ACE92AD723220067AD73 /* CollectionsPopUpView */ = {
			isa = PBXGroup;
			children = (
				67D0ACE42AD723030067AD73 /* CollectionsPopUpView.xib */,
				67D0ACE62AD7230E0067AD73 /* CollectionsPopUpView.swift */,
			);
			path = CollectionsPopUpView;
			sourceTree = "<group>";
		};
/* End PBXGroup section */

/* Begin PBXNativeTarget section */
		67070C3C2AD2D6EA00DF46E1 /* AlleTest */ = {
			isa = PBXNativeTarget;
			buildConfigurationList = 67070C512AD2D6EB00DF46E1 /* Build configuration list for PBXNativeTarget "AlleTest" */;
			buildPhases = (
				67070C392AD2D6EA00DF46E1 /* Sources */,
				67070C3A2AD2D6EA00DF46E1 /* Frameworks */,
				67070C3B2AD2D6EA00DF46E1 /* Resources */,
			);
			buildRules = (
			);
			dependencies = (
			);
			name = AlleTest;
			productName = AlleTest;
			productReference = 67070C3D2AD2D6EA00DF46E1 /* AlleTest.app */;
			productType = "com.apple.product-type.application";
		};
/* End PBXNativeTarget section */

/* Begin PBXProject section */
		67070C352AD2D6EA00DF46E1 /* Project object */ = {
			isa = PBXProject;
			attributes = {
				BuildIndependentTargetsInParallel = 1;
				LastSwiftUpdateCheck = 1500;
				LastUpgradeCheck = 1500;
				TargetAttributes = {
					67070C3C2AD2D6EA00DF46E1 = {
						CreatedOnToolsVersion = 15.0;
					};
				};
			};
			buildConfigurationList = 67070C382AD2D6EA00DF46E1 /* Build configuration list for PBXProject "AlleTest" */;
			compatibilityVersion = "Xcode 14.0";
			developmentRegion = en;
			hasScannedForEncodings = 0;
			knownRegions = (
				en,
				Base,
			);
			mainGroup = 67070C342AD2D6EA00DF46E1;
			productRefGroup = 67070C3E2AD2D6EA00DF46E1 /* Products */;
			projectDirPath = "";
			projectRoot = "";
			targets = (
				67070C3C2AD2D6EA00DF46E1 /* AlleTest */,
			);
		};
/* End PBXProject section */

/* Begin PBXResourcesBuildPhase section */
		67070C3B2AD2D6EA00DF46E1 /* Resources */ = {
			isa = PBXResourcesBuildPhase;
			buildActionMask = 2147483647;
			files = (
				67D0ACE52AD723030067AD73 /* CollectionsPopUpView.xib in Resources */,
				67070C4D2AD2D6EB00DF46E1 /* LaunchScreen.storyboard in Resources */,
				67070C4A2AD2D6EB00DF46E1 /* Assets.xcassets in Resources */,
				677762072AD7538F0011620F /* PhotoCVCell.xib in Resources */,
				67070C482AD2D6EA00DF46E1 /* Main.storyboard in Resources */,
				67D0ACE12AD71FFC0067AD73 /* TagCVCell.xib in Resources */,
			);
			runOnlyForDeploymentPostprocessing = 0;
		};
/* End PBXResourcesBuildPhase section */

/* Begin PBXSourcesBuildPhase section */
		67070C392AD2D6EA00DF46E1 /* Sources */ = {
			isa = PBXSourcesBuildPhase;
			buildActionMask = 2147483647;
			files = (
				679D03192AD94EAD007484FA /* PHAssetExtension.swift in Sources */,
				6777620A2AD75B060011620F /* ImagesVC.swift in Sources */,
				67D0ACE02AD71FFC0067AD73 /* TagCVCell.swift in Sources */,
				677762062AD7538F0011620F /* PhotoCVCell.swift in Sources */,
				679D03172AD94A72007484FA /* SKFileManager.swift in Sources */,
				67070C572AD406F500DF46E1 /* UIViewExtension.swift in Sources */,
				67070C452AD2D6EA00DF46E1 /* PhotosViewerVC.swift in Sources */,
				67D0ACE72AD7230E0067AD73 /* CollectionsPopUpView.swift in Sources */,
				67D0ACEB2AD727710067AD73 /* RoundedButton.swift in Sources */,
				67D0ACDD2AD6FA340067AD73 /* RoundedView.swift in Sources */,
				677762032AD74F910011620F /* PhotosViewerVC+Ext.swift in Sources */,
				67070C412AD2D6EA00DF46E1 /* AppDelegate.swift in Sources */,
				67070C552AD4019300DF46E1 /* OCRManager.swift in Sources */,
				67070C432AD2D6EA00DF46E1 /* SceneDelegate.swift in Sources */,
			);
			runOnlyForDeploymentPostprocessing = 0;
		};
/* End PBXSourcesBuildPhase section */

/* Begin PBXVariantGroup section */
		67070C462AD2D6EA00DF46E1 /* Main.storyboard */ = {
			isa = PBXVariantGroup;
			children = (
				67070C472AD2D6EA00DF46E1 /* Base */,
			);
			name = Main.storyboard;
			sourceTree = "<group>";
		};
		67070C4B2AD2D6EB00DF46E1 /* LaunchScreen.storyboard */ = {
			isa = PBXVariantGroup;
			children = (
				67070C4C2AD2D6EB00DF46E1 /* Base */,
			);
			name = LaunchScreen.storyboard;
			sourceTree = "<group>";
		};
/* End PBXVariantGroup section */

/* Begin XCBuildConfiguration section */
		67070C4F2AD2D6EB00DF46E1 /* Debug */ = {
			isa = XCBuildConfiguration;
			buildSettings = {
				ALWAYS_SEARCH_USER_PATHS = NO;
				ASSETCATALOG_COMPILER_GENERATE_SWIFT_ASSET_SYMBOL_EXTENSIONS = YES;
				CLANG_ANALYZER_NONNULL = YES;
				CLANG_ANALYZER_NUMBER_OBJECT_CONVERSION = YES_AGGRESSIVE;
				CLANG_CXX_LANGUAGE_STANDARD = "gnu++20";
				CLANG_ENABLE_MODULES = YES;
				CLANG_ENABLE_OBJC_ARC = YES;
				CLANG_ENABLE_OBJC_WEAK = YES;
				CLANG_WARN_BLOCK_CAPTURE_AUTORELEASING = YES;
				CLANG_WARN_BOOL_CONVERSION = YES;
				CLANG_WARN_COMMA = YES;
				CLANG_WARN_CONSTANT_CONVERSION = YES;
				CLANG_WARN_DEPRECATED_OBJC_IMPLEMENTATIONS = YES;
				CLANG_WARN_DIRECT_OBJC_ISA_USAGE = YES_ERROR;
				CLANG_WARN_DOCUMENTATION_COMMENTS = YES;
				CLANG_WARN_EMPTY_BODY = YES;
				CLANG_WARN_ENUM_CONVERSION = YES;
				CLANG_WARN_INFINITE_RECURSION = YES;
				CLANG_WARN_INT_CONVERSION = YES;
				CLANG_WARN_NON_LITERAL_NULL_CONVERSION = YES;
				CLANG_WARN_OBJC_IMPLICIT_RETAIN_SELF = YES;
				CLANG_WARN_OBJC_LITERAL_CONVERSION = YES;
				CLANG_WARN_OBJC_ROOT_CLASS = YES_ERROR;
				CLANG_WARN_QUOTED_INCLUDE_IN_FRAMEWORK_HEADER = YES;
				CLANG_WARN_RANGE_LOOP_ANALYSIS = YES;
				CLANG_WARN_STRICT_PROTOTYPES = YES;
				CLANG_WARN_SUSPICIOUS_MOVE = YES;
				CLANG_WARN_UNGUARDED_AVAILABILITY = YES_AGGRESSIVE;
				CLANG_WARN_UNREACHABLE_CODE = YES;
				CLANG_WARN__DUPLICATE_METHOD_MATCH = YES;
				COPY_PHASE_STRIP = NO;
				DEBUG_INFORMATION_FORMAT = dwarf;
				ENABLE_STRICT_OBJC_MSGSEND = YES;
				ENABLE_TESTABILITY = YES;
				ENABLE_USER_SCRIPT_SANDBOXING = YES;
				GCC_C_LANGUAGE_STANDARD = gnu17;
				GCC_DYNAMIC_NO_PIC = NO;
				GCC_NO_COMMON_BLOCKS = YES;
				GCC_OPTIMIZATION_LEVEL = 0;
				GCC_PREPROCESSOR_DEFINITIONS = (
					"DEBUG=1",
					"$(inherited)",
				);
				GCC_WARN_64_TO_32_BIT_CONVERSION = YES;
				GCC_WARN_ABOUT_RETURN_TYPE = YES_ERROR;
				GCC_WARN_UNDECLARED_SELECTOR = YES;
				GCC_WARN_UNINITIALIZED_AUTOS = YES_AGGRESSIVE;
				GCC_WARN_UNUSED_FUNCTION = YES;
				GCC_WARN_UNUSED_VARIABLE = YES;
				IPHONEOS_DEPLOYMENT_TARGET = 17.0;
				LOCALIZATION_PREFERS_STRING_CATALOGS = YES;
				MTL_ENABLE_DEBUG_INFO = INCLUDE_SOURCE;
				MTL_FAST_MATH = YES;
				ONLY_ACTIVE_ARCH = YES;
				SDKROOT = iphoneos;
				SWIFT_ACTIVE_COMPILATION_CONDITIONS = "DEBUG $(inherited)";
				SWIFT_OPTIMIZATION_LEVEL = "-Onone";
			};
			name = Debug;
		};
		67070C502AD2D6EB00DF46E1 /* Release */ = {
			isa = XCBuildConfiguration;
			buildSettings = {
				ALWAYS_SEARCH_USER_PATHS = NO;
				ASSETCATALOG_COMPILER_GENERATE_SWIFT_ASSET_SYMBOL_EXTENSIONS = YES;
				CLANG_ANALYZER_NONNULL = YES;
				CLANG_ANALYZER_NUMBER_OBJECT_CONVERSION = YES_AGGRESSIVE;
				CLANG_CXX_LANGUAGE_STANDARD = "gnu++20";
				CLANG_ENABLE_MODULES = YES;
				CLANG_ENABLE_OBJC_ARC = YES;
				CLANG_ENABLE_OBJC_WEAK = YES;
				CLANG_WARN_BLOCK_CAPTURE_AUTORELEASING = YES;
				CLANG_WARN_BOOL_CONVERSION = YES;
				CLANG_WARN_COMMA = YES;
				CLANG_WARN_CONSTANT_CONVERSION = YES;
				CLANG_WARN_DEPRECATED_OBJC_IMPLEMENTATIONS = YES;
				CLANG_WARN_DIRECT_OBJC_ISA_USAGE = YES_ERROR;
				CLANG_WARN_DOCUMENTATION_COMMENTS = YES;
				CLANG_WARN_EMPTY_BODY = YES;
				CLANG_WARN_ENUM_CONVERSION = YES;
				CLANG_WARN_INFINITE_RECURSION = YES;
				CLANG_WARN_INT_CONVERSION = YES;
				CLANG_WARN_NON_LITERAL_NULL_CONVERSION = YES;
				CLANG_WARN_OBJC_IMPLICIT_RETAIN_SELF = YES;
				CLANG_WARN_OBJC_LITERAL_CONVERSION = YES;
				CLANG_WARN_OBJC_ROOT_CLASS = YES_ERROR;
				CLANG_WARN_QUOTED_INCLUDE_IN_FRAMEWORK_HEADER = YES;
				CLANG_WARN_RANGE_LOOP_ANALYSIS = YES;
				CLANG_WARN_STRICT_PROTOTYPES = YES;
				CLANG_WARN_SUSPICIOUS_MOVE = YES;
				CLANG_WARN_UNGUARDED_AVAILABILITY = YES_AGGRESSIVE;
				CLANG_WARN_UNREACHABLE_CODE = YES;
				CLANG_WARN__DUPLICATE_METHOD_MATCH = YES;
				COPY_PHASE_STRIP = NO;
				DEBUG_INFORMATION_FORMAT = "dwarf-with-dsym";
				ENABLE_NS_ASSERTIONS = NO;
				ENABLE_STRICT_OBJC_MSGSEND = YES;
				ENABLE_USER_SCRIPT_SANDBOXING = YES;
				GCC_C_LANGUAGE_STANDARD = gnu17;
				GCC_NO_COMMON_BLOCKS = YES;
				GCC_WARN_64_TO_32_BIT_CONVERSION = YES;
				GCC_WARN_ABOUT_RETURN_TYPE = YES_ERROR;
				GCC_WARN_UNDECLARED_SELECTOR = YES;
				GCC_WARN_UNINITIALIZED_AUTOS = YES_AGGRESSIVE;
				GCC_WARN_UNUSED_FUNCTION = YES;
				GCC_WARN_UNUSED_VARIABLE = YES;
				IPHONEOS_DEPLOYMENT_TARGET = 17.0;
				LOCALIZATION_PREFERS_STRING_CATALOGS = YES;
				MTL_ENABLE_DEBUG_INFO = NO;
				MTL_FAST_MATH = YES;
				SDKROOT = iphoneos;
				SWIFT_COMPILATION_MODE = wholemodule;
				VALIDATE_PRODUCT = YES;
			};
			name = Release;
		};
		67070C522AD2D6EB00DF46E1 /* Debug */ = {
			isa = XCBuildConfiguration;
			buildSettings = {
				ASSETCATALOG_COMPILER_APPICON_NAME = AppIcon;
				ASSETCATALOG_COMPILER_GLOBAL_ACCENT_COLOR_NAME = AccentColor;
				CODE_SIGN_STYLE = Automatic;
				CURRENT_PROJECT_VERSION = 1;
				DEVELOPMENT_TEAM = UD54A32P63;
				GENERATE_INFOPLIST_FILE = YES;
				INFOPLIST_FILE = AlleTest/Info.plist;
				INFOPLIST_KEY_CFBundleDisplayName = AlleTest;
				INFOPLIST_KEY_UIApplicationSupportsIndirectInputEvents = YES;
				INFOPLIST_KEY_UILaunchStoryboardName = LaunchScreen;
				INFOPLIST_KEY_UIMainStoryboardFile = Main;
				INFOPLIST_KEY_UISupportedInterfaceOrientations = UIInterfaceOrientationPortrait;
				INFOPLIST_KEY_UISupportedInterfaceOrientations_iPad = "UIInterfaceOrientationLandscapeLeft UIInterfaceOrientationLandscapeRight UIInterfaceOrientationPortrait UIInterfaceOrientationPortraitUpsideDown";
				IPHONEOS_DEPLOYMENT_TARGET = 16.0;
				LD_RUNPATH_SEARCH_PATHS = (
					"$(inherited)",
					"@executable_path/Frameworks",
				);
				MARKETING_VERSION = 1.0;
				PRODUCT_BUNDLE_IDENTIFIER = com.sk..AlleTest;
				PRODUCT_NAME = "$(TARGET_NAME)";
				SWIFT_EMIT_LOC_STRINGS = YES;
				SWIFT_VERSION = 5.0;
				TARGETED_DEVICE_FAMILY = "1,2";
			};
			name = Debug;
		};
		67070C532AD2D6EB00DF46E1 /* Release */ = {
			isa = XCBuildConfiguration;
			buildSettings = {
				ASSETCATALOG_COMPILER_APPICON_NAME = AppIcon;
				ASSETCATALOG_COMPILER_GLOBAL_ACCENT_COLOR_NAME = AccentColor;
				CODE_SIGN_STYLE = Automatic;
				CURRENT_PROJECT_VERSION = 1;
				DEVELOPMENT_TEAM = UD54A32P63;
				GENERATE_INFOPLIST_FILE = YES;
				INFOPLIST_FILE = AlleTest/Info.plist;
				INFOPLIST_KEY_CFBundleDisplayName = AlleTest;
				INFOPLIST_KEY_UIApplicationSupportsIndirectInputEvents = YES;
				INFOPLIST_KEY_UILaunchStoryboardName = LaunchScreen;
				INFOPLIST_KEY_UIMainStoryboardFile = Main;
				INFOPLIST_KEY_UISupportedInterfaceOrientations = UIInterfaceOrientationPortrait;
				INFOPLIST_KEY_UISupportedInterfaceOrientations_iPad = "UIInterfaceOrientationLandscapeLeft UIInterfaceOrientationLandscapeRight UIInterfaceOrientationPortrait UIInterfaceOrientationPortraitUpsideDown";
				IPHONEOS_DEPLOYMENT_TARGET = 16.0;
				LD_RUNPATH_SEARCH_PATHS = (
					"$(inherited)",
					"@executable_path/Frameworks",
				);
				MARKETING_VERSION = 1.0;
				PRODUCT_BUNDLE_IDENTIFIER = com.sk..AlleTest;
				PRODUCT_NAME = "$(TARGET_NAME)";
				SWIFT_EMIT_LOC_STRINGS = YES;
				SWIFT_VERSION = 5.0;
				TARGETED_DEVICE_FAMILY = "1,2";
			};
			name = Release;
		};
/* End XCBuildConfiguration section */

/* Begin XCConfigurationList section */
		67070C382AD2D6EA00DF46E1 /* Build configuration list for PBXProject "AlleTest" */ = {
			isa = XCConfigurationList;
			buildConfigurations = (
				67070C4F2AD2D6EB00DF46E1 /* Debug */,
				67070C502AD2D6EB00DF46E1 /* Release */,
			);
			defaultConfigurationIsVisible = 0;
			defaultConfigurationName = Release;
		};
		67070C512AD2D6EB00DF46E1 /* Build configuration list for PBXNativeTarget "AlleTest" */ = {
			isa = XCConfigurationList;
			buildConfigurations = (
				67070C522AD2D6EB00DF46E1 /* Debug */,
				67070C532AD2D6EB00DF46E1 /* Release */,
			);
			defaultConfigurationIsVisible = 0;
			defaultConfigurationName = Release;
		};
/* End XCConfigurationList section */
	};
	rootObject = 67070C352AD2D6EA00DF46E1 /* Project object */;
}
